# THIS IS AN AUTOGENERATED FILE. DO NOT EDIT THIS FILE DIRECTLY.
# yarn lockfile v1


find-versions@^5.0.0:
  version "5.1.0"
  resolved "https://registry.yarnpkg.com/find-versions/-/find-versions-5.1.0.tgz#973f6739ce20f5e439a27eba8542a4b236c8e685"
  integrity sha512-+iwzCJ7C5v5KgcBuueqVoNiHVoQpwiUK5XFLjf0affFTep+Wcw93tPvmb8tqujDNmzhBDPddnWV/qgWSXgq+Hg==
  dependencies:
    semver-regex "^4.0.5"

semver-regex@^4.0.5:
  version "4.0.5"
  resolved "https://registry.yarnpkg.com/semver-regex/-/semver-regex-4.0.5.tgz#fbfa36c7ba70461311f5debcb3928821eb4f9180"
  integrity sha512-hunMQrEy1T6Jr2uEVjrAIqjwWcQTgOAcIM52C8MY1EZSD3DDNft04XzvYKPqjED65bNVVko0YI38nYeEHCX3yw==
